
Microsoft Visual Studio Solution File, Format Version 12.00
# Visual Studio 15
VisualStudioVersion = 15.0.28307.329
MinimumVisualStudioVersion = 10.0.40219.1
Project("{888888A0-9F3D-457C-B088-3A5042F75D52}") = "test_combination1", "test_combination1\test_combination1.pyproj", "{ADC30B59-DF86-4627-A2BB-E5C16206B79F}"
EndProject
Global
	GlobalSection(SolutionConfigurationPlatforms) = preSolution
		Debug|Any CPU = Debug|Any CPU
		Release|Any CPU = Release|Any CPU
	EndGlobalSection
	GlobalSection(ProjectConfigurationPlatforms) = postSolution
		{ADC30B59-DF86-4627-A2BB-E5C16206B79F}.Debug|Any CPU.ActiveCfg = Debug|Any CPU
		{ADC30B59-DF86-4627-A2BB-E5C16206B79F}.Release|Any CPU.ActiveCfg = Release|Any CPU
	EndGlobalSection
	GlobalSection(SolutionProperties) = preSolution
		HideSolutionNode = FALSE
	EndGlobalSection
	GlobalSection(ExtensibilityGlobals) = postSolution
		SolutionGuid = {5785A9E4-956B-47A0-882A-0537BC6D2DBD}
	EndGlobalSection
EndGlobal
